Microsoft Visual Studio Solution File, Format Version 12.00
# Visual Studio Version 17
VisualStudioVersion = 17.5.2.0
MinimumVisualStudioVersion = 10.0.40219.1
Project("{FAE04EC0-301F-11D3-BF4B-00C04F79EFBC}") = "DrinksApp", "DrinksApp.csproj", "{9951DEE4-8A01-100E-DD79-6001DDF4C57F}"
EndProject
Global
	GlobalSection(SolutionConfigurationPlatforms) = preSolution
		Debug|Any CPU = Debug|Any CPU
		Release|Any CPU = Release|Any CPU
	EndGlobalSection
	GlobalSection(ProjectConfigurationPlatforms) = postSolution
		{9951DEE4-8A01-100E-DD79-6001DDF4C57F}.Debug|Any CPU.ActiveCfg = Debug|Any CPU
		{9951DEE4-8A01-100E-DD79-6001DDF4C57F}.Debug|Any CPU.Build.0 = Debug|Any CPU
		{9951DEE4-8A01-100E-DD79-6001DDF4C57F}.Release|Any CPU.ActiveCfg = Release|Any CPU
		{9951DEE4-8A01-100E-DD79-6001DDF4C57F}.Release|Any CPU.Build.0 = Release|Any CPU
	EndGlobalSection
	GlobalSection(SolutionProperties) = preSolution
		HideSolutionNode = FALSE
	EndGlobalSection
	GlobalSection(ExtensibilityGlobals) = postSolution
		SolutionGuid = {913E639E-801A-4AF2-86B4-4005C8F64AD8}
	EndGlobalSection
EndGlobal
